
Microsoft Visual Studio Solution File, Format Version 12.00
# Visual Studio 15
VisualStudioVersion = 15.0.26124.0
MinimumVisualStudioVersion = 15.0.26124.0
Project("{FAE04EC0-301F-11D3-BF4B-00C04F79EFBC}") = "Domain", "Domain\Domain.csproj", "{B74BC0A9-F7C3-4579-B0C6-C326EB92A521}"
EndProject
Project("{FAE04EC0-301F-11D3-BF4B-00C04F79EFBC}") = "Application", "Application\Application.csproj", "{5B79BA11-52EB-45CB-97A4-95FF0048B598}"
EndProject
Project("{FAE04EC0-301F-11D3-BF4B-00C04F79EFBC}") = "Persistence", "Persistence\Persistence.csproj", "{42E985B1-BCE5-48F2-879C-AD6E0FD7F852}"
EndProject
Project("{FAE04EC0-301F-11D3-BF4B-00C04F79EFBC}") = "API", "API\API.csproj", "{3478EB71-291D-4366-A078-AF8B3CAD8F05}"
EndProject
Project("{FAE04EC0-301F-11D3-BF4B-00C04F79EFBC}") = "Infrastructure", "Infrastructure\Infrastructure.csproj", "{B25F3DC7-935E-4EB0-8109-9F63FD321BF8}"
EndProject
Global
	GlobalSection(SolutionConfigurationPlatforms) = preSolution
		Debug|Any CPU = Debug|Any CPU
		Debug|x64 = Debug|x64
		Debug|x86 = Debug|x86
		Release|Any CPU = Release|Any CPU
		Release|x64 = Release|x64
		Release|x86 = Release|x86
	EndGlobalSection
	GlobalSection(SolutionProperties) = preSolution
		HideSolutionNode = FALSE
	EndGlobalSection
	GlobalSection(ProjectConfigurationPlatforms) = postSolution
		{B74BC0A9-F7C3-4579-B0C6-C326EB92A521}.Debug|Any CPU.ActiveCfg = Debug|Any CPU
		{B74BC0A9-F7C3-4579-B0C6-C326EB92A521}.Debug|Any CPU.Build.0 = Debug|Any CPU
		{B74BC0A9-F7C3-4579-B0C6-C326EB92A521}.Debug|x64.ActiveCfg = Debug|Any CPU
		{B74BC0A9-F7C3-4579-B0C6-C326EB92A521}.Debug|x64.Build.0 = Debug|Any CPU
		{B74BC0A9-F7C3-4579-B0C6-C326EB92A521}.Debug|x86.ActiveCfg = Debug|Any CPU
		{B74BC0A9-F7C3-4579-B0C6-C326EB92A521}.Debug|x86.Build.0 = Debug|Any CPU
		{B74BC0A9-F7C3-4579-B0C6-C326EB92A521}.Release|Any CPU.ActiveCfg = Release|Any CPU
		{B74BC0A9-F7C3-4579-B0C6-C326EB92A521}.Release|Any CPU.Build.0 = Release|Any CPU
		{B74BC0A9-F7C3-4579-B0C6-C326EB92A521}.Release|x64.ActiveCfg = Release|Any CPU
		{B74BC0A9-F7C3-4579-B0C6-C326EB92A521}.Release|x64.Build.0 = Release|Any CPU
		{B74BC0A9-F7C3-4579-B0C6-C326EB92A521}.Release|x86.ActiveCfg = Release|Any CPU
		{B74BC0A9-F7C3-4579-B0C6-C326EB92A521}.Release|x86.Build.0 = Release|Any CPU
		{5B79BA11-52EB-45CB-97A4-95FF0048B598}.Debug|Any CPU.ActiveCfg = Debug|Any CPU
		{5B79BA11-52EB-45CB-97A4-95FF0048B598}.Debug|Any CPU.Build.0 = Debug|Any CPU
		{5B79BA11-52EB-45CB-97A4-95FF0048B598}.Debug|x64.ActiveCfg = Debug|Any CPU
		{5B79BA11-52EB-45CB-97A4-95FF0048B598}.Debug|x64.Build.0 = Debug|Any CPU
		{5B79BA11-52EB-45CB-97A4-95FF0048B598}.Debug|x86.ActiveCfg = Debug|Any CPU
		{5B79BA11-52EB-45CB-97A4-95FF0048B598}.Debug|x86.Build.0 = Debug|Any CPU
		{5B79BA11-52EB-45CB-97A4-95FF0048B598}.Release|Any CPU.ActiveCfg = Release|Any CPU
		{5B79BA11-52EB-45CB-97A4-95FF0048B598}.Release|Any CPU.Build.0 = Release|Any CPU
		{5B79BA11-52EB-45CB-97A4-95FF0048B598}.Release|x64.ActiveCfg = Release|Any CPU
		{5B79BA11-52EB-45CB-97A4-95FF0048B598}.Release|x64.Build.0 = Release|Any CPU
		{5B79BA11-52EB-45CB-97A4-95FF0048B598}.Release|x86.ActiveCfg = Release|Any CPU
		{5B79BA11-52EB-45CB-97A4-95FF0048B598}.Release|x86.Build.0 = Release|Any CPU
		{42E985B1-BCE5-48F2-879C-AD6E0FD7F852}.Debug|Any CPU.ActiveCfg = Debug|Any CPU
		{42E985B1-BCE5-48F2-879C-AD6E0FD7F852}.Debug|Any CPU.Build.0 = Debug|Any CPU
		{42E985B1-BCE5-48F2-879C-AD6E0FD7F852}.Debug|x64.ActiveCfg = Debug|Any CPU
		{42E985B1-BCE5-48F2-879C-AD6E0FD7F852}.Debug|x64.Build.0 = Debug|Any CPU
		{42E985B1-BCE5-48F2-879C-AD6E0FD7F852}.Debug|x86.ActiveCfg = Debug|Any CPU
		{42E985B1-BCE5-48F2-879C-AD6E0FD7F852}.Debug|x86.Build.0 = Debug|Any CPU
		{42E985B1-BCE5-48F2-879C-AD6E0FD7F852}.Release|Any CPU.ActiveCfg = Release|Any CPU
		{42E985B1-BCE5-48F2-879C-AD6E0FD7F852}.Release|Any CPU.Build.0 = Release|Any CPU
		{42E985B1-BCE5-48F2-879C-AD6E0FD7F852}.Release|x64.ActiveCfg = Release|Any CPU
		{42E985B1-BCE5-48F2-879C-AD6E0FD7F852}.Release|x64.Build.0 = Release|Any CPU
		{42E985B1-BCE5-48F2-879C-AD6E0FD7F852}.Release|x86.ActiveCfg = Release|Any CPU
		{42E985B1-BCE5-48F2-879C-AD6E0FD7F852}.Release|x86.Build.0 = Release|Any CPU
		{3478EB71-291D-4366-A078-AF8B3CAD8F05}.Debug|Any CPU.ActiveCfg = Debug|Any CPU
		{3478EB71-291D-4366-A078-AF8B3CAD8F05}.Debug|Any CPU.Build.0 = Debug|Any CPU
		{3478EB71-291D-4366-A078-AF8B3CAD8F05}.Debug|x64.ActiveCfg = Debug|Any CPU
		{3478EB71-291D-4366-A078-AF8B3CAD8F05}.Debug|x64.Build.0 = Debug|Any CPU
		{3478EB71-291D-4366-A078-AF8B3CAD8F05}.Debug|x86.ActiveCfg = Debug|Any CPU
		{3478EB71-291D-4366-A078-AF8B3CAD8F05}.Debug|x86.Build.0 = Debug|Any CPU
		{3478EB71-291D-4366-A078-AF8B3CAD8F05}.Release|Any CPU.ActiveCfg = Release|Any CPU
		{3478EB71-291D-4366-A078-AF8B3CAD8F05}.Release|Any CPU.Build.0 = Release|Any CPU
		{3478EB71-291D-4366-A078-AF8B3CAD8F05}.Release|x64.ActiveCfg = Release|Any CPU
		{3478EB71-291D-4366-A078-AF8B3CAD8F05}.Release|x64.Build.0 = Release|Any CPU
		{3478EB71-291D-4366-A078-AF8B3CAD8F05}.Release|x86.ActiveCfg = Release|Any CPU
		{3478EB71-291D-4366-A078-AF8B3CAD8F05}.Release|x86.Build.0 = Release|Any CPU
		{B25F3DC7-935E-4EB0-8109-9F63FD321BF8}.Debug|Any CPU.ActiveCfg = Debug|Any CPU
		{B25F3DC7-935E-4EB0-8109-9F63FD321BF8}.Debug|Any CPU.Build.0 = Debug|Any CPU
		{B25F3DC7-935E-4EB0-8109-9F63FD321BF8}.Debug|x64.ActiveCfg = Debug|Any CPU
		{B25F3DC7-935E-4EB0-8109-9F63FD321BF8}.Debug|x64.Build.0 = Debug|Any CPU
		{B25F3DC7-935E-4EB0-8109-9F63FD321BF8}.Debug|x86.ActiveCfg = Debug|Any CPU
		{B25F3DC7-935E-4EB0-8109-9F63FD321BF8}.Debug|x86.Build.0 = Debug|Any CPU
		{B25F3DC7-935E-4EB0-8109-9F63FD321BF8}.Release|Any CPU.ActiveCfg = Release|Any CPU
		{B25F3DC7-935E-4EB0-8109-9F63FD321BF8}.Release|Any CPU.Build.0 = Release|Any CPU
		{B25F3DC7-935E-4EB0-8109-9F63FD321BF8}.Release|x64.ActiveCfg = Release|Any CPU
		{B25F3DC7-935E-4EB0-8109-9F63FD321BF8}.Release|x64.Build.0 = Release|Any CPU
		{B25F3DC7-935E-4EB0-8109-9F63FD321BF8}.Release|x86.ActiveCfg = Release|Any CPU
		{B25F3DC7-935E-4EB0-8109-9F63FD321BF8}.Release|x86.Build.0 = Release|Any CPU
	EndGlobalSection
EndGlobal
